
Microsoft Visual Studio Solution File, Format Version 12.00
# Visual Studio Version 17
VisualStudioVersion = 17.13.35931.197 d17.13
MinimumVisualStudioVersion = 10.0.40219.1
Project("{FAE04EC0-301F-11D3-BF4B-00C04F79EFBC}") = "Chat.Web", "Chat.Web\Chat.Web.csproj", "{13F9D985-C815-4933-AEB2-9A8814ADB77E}"
EndProject
Project("{FAE04EC0-301F-11D3-BF4B-00C04F79EFBC}") = "Chat.Data", "Chat.Data\Chat.Data.csproj", "{D1BF4B93-EFAF-4A39-9069-CFD2B5A700B1}"
EndProject
Project("{FAE04EC0-301F-11D3-BF4B-00C04F79EFBC}") = "Chat.Core", "Chat.Core\Chat.Core.csproj", "{1E60BFAE-21EE-44E2-B253-737A12CDFB8E}"
EndProject
Global
	GlobalSection(SolutionConfigurationPlatforms) = preSolution
		Debug|Any CPU = Debug|Any CPU
		Release|Any CPU = Release|Any CPU
	EndGlobalSection
	GlobalSection(ProjectConfigurationPlatforms) = postSolution
		{13F9D985-C815-4933-AEB2-9A8814ADB77E}.Debug|Any CPU.ActiveCfg = Debug|Any CPU
		{13F9D985-C815-4933-AEB2-9A8814ADB77E}.Debug|Any CPU.Build.0 = Debug|Any CPU
		{13F9D985-C815-4933-AEB2-9A8814ADB77E}.Release|Any CPU.ActiveCfg = Release|Any CPU
		{13F9D985-C815-4933-AEB2-9A8814ADB77E}.Release|Any CPU.Build.0 = Release|Any CPU
		{D1BF4B93-EFAF-4A39-9069-CFD2B5A700B1}.Debug|Any CPU.ActiveCfg = Debug|Any CPU
		{D1BF4B93-EFAF-4A39-9069-CFD2B5A700B1}.Debug|Any CPU.Build.0 = Debug|Any CPU
		{D1BF4B93-EFAF-4A39-9069-CFD2B5A700B1}.Release|Any CPU.ActiveCfg = Release|Any CPU
		{D1BF4B93-EFAF-4A39-9069-CFD2B5A700B1}.Release|Any CPU.Build.0 = Release|Any CPU
		{1E60BFAE-21EE-44E2-B253-737A12CDFB8E}.Debug|Any CPU.ActiveCfg = Debug|Any CPU
		{1E60BFAE-21EE-44E2-B253-737A12CDFB8E}.Debug|Any CPU.Build.0 = Debug|Any CPU
		{1E60BFAE-21EE-44E2-B253-737A12CDFB8E}.Release|Any CPU.ActiveCfg = Release|Any CPU
		{1E60BFAE-21EE-44E2-B253-737A12CDFB8E}.Release|Any CPU.Build.0 = Release|Any CPU
	EndGlobalSection
	GlobalSection(SolutionProperties) = preSolution
		HideSolutionNode = FALSE
	EndGlobalSection
	GlobalSection(ExtensibilityGlobals) = postSolution
		SolutionGuid = {6F65E912-65DC-401D-AAAD-CAE6D3A12465}
	EndGlobalSection
EndGlobal
